
Microsoft Visual Studio Solution File, Format Version 12.00
# Visual Studio Version 17
VisualStudioVersion = 17.11.35327.3
MinimumVisualStudioVersion = 10.0.40219.1
Project("{9A19103F-16F7-4668-BE54-9A1E7A4F7556}") = "HumanResourcesManager", "HumanResourcesManager\HumanResourcesManager.csproj", "{4ECDDA4A-1390-47AC-802F-0312D73B2091}"
EndProject
Project("{9A19103F-16F7-4668-BE54-9A1E7A4F7556}") = "ExportPDF", "ExportPDF\ExportPDF.csproj", "{8CA8CAEC-762C-4F79-B5DC-0A6BB9904201}"
EndProject
Project("{FAE04EC0-301F-11D3-BF4B-00C04F79EFBC}") = "UnitTesting", "UnitTesting\UnitTesting.csproj", "{F6FD584F-E29A-42DB-8492-A41DDB96A431}"
EndProject
Global
	GlobalSection(SolutionConfigurationPlatforms) = preSolution
		Debug|Any CPU = Debug|Any CPU
		Release|Any CPU = Release|Any CPU
	EndGlobalSection
	GlobalSection(ProjectConfigurationPlatforms) = postSolution
		{4ECDDA4A-1390-47AC-802F-0312D73B2091}.Debug|Any CPU.ActiveCfg = Debug|Any CPU
		{4ECDDA4A-1390-47AC-802F-0312D73B2091}.Debug|Any CPU.Build.0 = Debug|Any CPU
		{4ECDDA4A-1390-47AC-802F-0312D73B2091}.Release|Any CPU.ActiveCfg = Release|Any CPU
		{4ECDDA4A-1390-47AC-802F-0312D73B2091}.Release|Any CPU.Build.0 = Release|Any CPU
		{8CA8CAEC-762C-4F79-B5DC-0A6BB9904201}.Debug|Any CPU.ActiveCfg = Debug|Any CPU
		{8CA8CAEC-762C-4F79-B5DC-0A6BB9904201}.Debug|Any CPU.Build.0 = Debug|Any CPU
		{8CA8CAEC-762C-4F79-B5DC-0A6BB9904201}.Release|Any CPU.ActiveCfg = Release|Any CPU
		{8CA8CAEC-762C-4F79-B5DC-0A6BB9904201}.Release|Any CPU.Build.0 = Release|Any CPU
		{F6FD584F-E29A-42DB-8492-A41DDB96A431}.Debug|Any CPU.ActiveCfg = Debug|Any CPU
		{F6FD584F-E29A-42DB-8492-A41DDB96A431}.Debug|Any CPU.Build.0 = Debug|Any CPU
		{F6FD584F-E29A-42DB-8492-A41DDB96A431}.Release|Any CPU.ActiveCfg = Release|Any CPU
		{F6FD584F-E29A-42DB-8492-A41DDB96A431}.Release|Any CPU.Build.0 = Release|Any CPU
	EndGlobalSection
	GlobalSection(SolutionProperties) = preSolution
		HideSolutionNode = FALSE
	EndGlobalSection
	GlobalSection(ExtensibilityGlobals) = postSolution
		SolutionGuid = {D96BC49C-DFBF-4AEB-9A95-9AB0F6EB5598}
	EndGlobalSection
EndGlobal
